// !$*UTF8*$!
{
	archiveVersion = 1;
	classes = {
	};
	objectVersion = 50;
	objects = {

/* Begin PBXBuildFile section */
		B61558B12317C5E200401765 /* AppDelegate.swift in Sources */ = {isa = PBXBuildFile; fileRef = B61558B02317C5E200401765 /* AppDelegate.swift */; };
		B61558B32317C5E200401765 /* TravelLocationsMapViewController.swift in Sources */ = {isa = PBXBuildFile; fileRef = B61558B22317C5E200401765 /* TravelLocationsMapViewController.swift */; };
		B61558B62317C5E200401765 /* Main.storyboard in Resources */ = {isa = PBXBuildFile; fileRef = B61558B42317C5E200401765 /* Main.storyboard */; };
		B61558BB2317C5E300401765 /* Assets.xcassets in Resources */ = {isa = PBXBuildFile; fileRef = B61558BA2317C5E300401765 /* Assets.xcassets */; };
		B61558BE2317C5E300401765 /* LaunchScreen.storyboard in Resources */ = {isa = PBXBuildFile; fileRef = B61558BC2317C5E300401765 /* LaunchScreen.storyboard */; };
		B61558C62317C7F500401765 /* PhotoAlbumViewController.swift in Sources */ = {isa = PBXBuildFile; fileRef = B61558C52317C7F500401765 /* PhotoAlbumViewController.swift */; };
		B658CEB723192F6600453E07 /* FlickrAPI.swift in Sources */ = {isa = PBXBuildFile; fileRef = B658CEB623192F6600453E07 /* FlickrAPI.swift */; };
		B658CEBA231932AD00453E07 /* FlickrPhoto.swift in Sources */ = {isa = PBXBuildFile; fileRef = B658CEB9231932AD00453E07 /* FlickrPhoto.swift */; };
		B658CEBC2319331D00453E07 /* PhotosResponses.swift in Sources */ = {isa = PBXBuildFile; fileRef = B658CEBB2319331D00453E07 /* PhotosResponses.swift */; };
		B658CEBE2319337600453E07 /* ErrorResponses.swift in Sources */ = {isa = PBXBuildFile; fileRef = B658CEBD2319337600453E07 /* ErrorResponses.swift */; };
		B68419B92317E9A500B8AE9F /* DataController.swift in Sources */ = {isa = PBXBuildFile; fileRef = B68419B82317E9A500B8AE9F /* DataController.swift */; };
		B68419BC2317EB0600B8AE9F /* VirtualTourist.xcdatamodeld in Sources */ = {isa = PBXBuildFile; fileRef = B68419BA2317EB0600B8AE9F /* VirtualTourist.xcdatamodeld */; };
		B6B66EA0231AF3A20034F66A /* PhotoCell.swift in Sources */ = {isa = PBXBuildFile; fileRef = B6B66E9F231AF3A20034F66A /* PhotoCell.swift */; };
		B6C1E81F2319043C006CB3BE /* TravelLocationsMapViewController+MapViewDelegate.swift in Sources */ = {isa = PBXBuildFile; fileRef = B6C1E81E2319043C006CB3BE /* TravelLocationsMapViewController+MapViewDelegate.swift */; };
/* End PBXBuildFile section */

/* Begin PBXFileReference section */
		B61558AD2317C5E200401765 /* Virtual Tourist.app */ = {isa = PBXFileReference; explicitFileType = wrapper.application; includeInIndex = 0; path = "Virtual Tourist.app"; sourceTree = BUILT_PRODUCTS_DIR; };
		B61558B02317C5E200401765 /* AppDelegate.swift */ = {isa = PBXFileReference; lastKnownFileType = sourcecode.swift; path = AppDelegate.swift; sourceTree = "<group>"; };
		B61558B22317C5E200401765 /* TravelLocationsMapViewController.swift */ = {isa = PBXFileReference; lastKnownFileType = sourcecode.swift; path = TravelLocationsMapViewController.swift; sourceTree = "<group>"; };
		B61558B52317C5E200401765 /* Base */ = {isa = PBXFileReference; lastKnownFileType = file.storyboard; name = Base; path = Base.lproj/Main.storyboard; sourceTree = "<group>"; };
		B61558BA2317C5E300401765 /* Assets.xcassets */ = {isa = PBXFileReference; lastKnownFileType = folder.assetcatalog; path = Assets.xcassets; sourceTree = "<group>"; };
		B61558BD2317C5E300401765 /* Base */ = {isa = PBXFileReference; lastKnownFileType = file.storyboard; name = Base; path = Base.lproj/LaunchScreen.storyboard; sourceTree = "<group>"; };
		B61558BF2317C5E300401765 /* Info.plist */ = {isa = PBXFileReference; lastKnownFileType = text.plist.xml; path = Info.plist; sourceTree = "<group>"; };
		B61558C52317C7F500401765 /* PhotoAlbumViewController.swift */ = {isa = PBXFileReference; lastKnownFileType = sourcecode.swift; path = PhotoAlbumViewController.swift; sourceTree = "<group>"; };
		B658CEB623192F6600453E07 /* FlickrAPI.swift */ = {isa = PBXFileReference; lastKnownFileType = sourcecode.swift; path = FlickrAPI.swift; sourceTree = "<group>"; };
		B658CEB9231932AD00453E07 /* FlickrPhoto.swift */ = {isa = PBXFileReference; lastKnownFileType = sourcecode.swift; path = FlickrPhoto.swift; sourceTree = "<group>"; };
		B658CEBB2319331D00453E07 /* PhotosResponses.swift */ = {isa = PBXFileReference; lastKnownFileType = sourcecode.swift; path = PhotosResponses.swift; sourceTree = "<group>"; };
		B658CEBD2319337600453E07 /* ErrorResponses.swift */ = {isa = PBXFileReference; lastKnownFileType = sourcecode.swift; path = ErrorResponses.swift; sourceTree = "<group>"; };
		B68419B82317E9A500B8AE9F /* DataController.swift */ = {isa = PBXFileReference; lastKnownFileType = sourcecode.swift; path = DataController.swift; sourceTree = "<group>"; };
		B68419BB2317EB0600B8AE9F /* VirtualTourist.xcdatamodel */ = {isa = PBXFileReference; lastKnownFileType = wrapper.xcdatamodel; path = VirtualTourist.xcdatamodel; sourceTree = "<group>"; };
		B6B66E9F231AF3A20034F66A /* PhotoCell.swift */ = {isa = PBXFileReference; lastKnownFileType = sourcecode.swift; path = PhotoCell.swift; sourceTree = "<group>"; };
		B6C1E81E2319043C006CB3BE /* TravelLocationsMapViewController+MapViewDelegate.swift */ = {isa = PBXFileReference; lastKnownFileType = sourcecode.swift; path = "TravelLocationsMapViewController+MapViewDelegate.swift"; sourceTree = "<group>"; };
/* End PBXFileReference section */

/* Begin PBXFrameworksBuildPhase section */
		B61558AA2317C5E200401765 /* Frameworks */ = {
			isa = PBXFrameworksBuildPhase;
			buildActionMask = 2147483647;
			files = (
			);
			runOnlyForDeploymentPostprocessing = 0;
		};
/* End PBXFrameworksBuildPhase section */

/* Begin PBXGroup section */
		B61558A42317C5E200401765 = {
			isa = PBXGroup;
			children = (
				B61558AF2317C5E200401765 /* Virtual Tourist */,
				B61558AE2317C5E200401765 /* Products */,
			);
			sourceTree = "<group>";
		};
		B61558AE2317C5E200401765 /* Products */ = {
			isa = PBXGroup;
			children = (
				B61558AD2317C5E200401765 /* Virtual Tourist.app */,
			);
			name = Products;
			sourceTree = "<group>";
		};
		B61558AF2317C5E200401765 /* Virtual Tourist */ = {
			isa = PBXGroup;
			children = (
				B61558B02317C5E200401765 /* AppDelegate.swift */,
				B68419B72317E98C00B8AE9F /* Model */,
				B61558C72317C7FB00401765 /* Controllers */,
				B6B66E9E231AF3700034F66A /* View */,
				B61558B42317C5E200401765 /* Main.storyboard */,
				B61558BA2317C5E300401765 /* Assets.xcassets */,
				B61558BC2317C5E300401765 /* LaunchScreen.storyboard */,
				B61558BF2317C5E300401765 /* Info.plist */,
			);
			path = "Virtual Tourist";
			sourceTree = "<group>";
		};
		B61558C72317C7FB00401765 /* Controllers */ = {
			isa = PBXGroup;
			children = (
				B61558B22317C5E200401765 /* TravelLocationsMapViewController.swift */,
				B6C1E81E2319043C006CB3BE /* TravelLocationsMapViewController+MapViewDelegate.swift */,
				B61558C52317C7F500401765 /* PhotoAlbumViewController.swift */,
			);
			path = Controllers;
			sourceTree = "<group>";
		};
		B658CEB423192F3300453E07 /* Data */ = {
			isa = PBXGroup;
			children = (
				B68419BA2317EB0600B8AE9F /* VirtualTourist.xcdatamodeld */,
				B68419B82317E9A500B8AE9F /* DataController.swift */,
			);
			path = Data;
			sourceTree = "<group>";
		};
		B658CEB523192F3F00453E07 /* Flickr API */ = {
			isa = PBXGroup;
			children = (
				B658CEB623192F6600453E07 /* FlickrAPI.swift */,
			);
			path = "Flickr API";
			sourceTree = "<group>";
		};
		B658CEB82319327400453E07 /* Flickr Responses */ = {
			isa = PBXGroup;
			children = (
				B658CEB9231932AD00453E07 /* FlickrPhoto.swift */,
				B658CEBB2319331D00453E07 /* PhotosResponses.swift */,
				B658CEBD2319337600453E07 /* ErrorResponses.swift */,
			);
			path = "Flickr Responses";
			sourceTree = "<group>";
		};
		B68419B72317E98C00B8AE9F /* Model */ = {
			isa = PBXGroup;
			children = (
				B658CEB423192F3300453E07 /* Data */,
				B658CEB523192F3F00453E07 /* Flickr API */,
				B658CEB82319327400453E07 /* Flickr Responses */,
			);
			path = Model;
			sourceTree = "<group>";
		};
		B6B66E9E231AF3700034F66A /* View */ = {
			isa = PBXGroup;
			children = (
				B6B66E9F231AF3A20034F66A /* PhotoCell.swift */,
			);
			path = View;
			sourceTree = "<group>";
		};
/* End PBXGroup section */

/* Begin PBXNativeTarget section */
		B61558AC2317C5E200401765 /* Virtual Tourist */ = {
			isa = PBXNativeTarget;
			buildConfigurationList = B61558C22317C5E300401765 /* Build configuration list for PBXNativeTarget "Virtual Tourist" */;
			buildPhases = (
				B61558A92317C5E200401765 /* Sources */,
				B61558AA2317C5E200401765 /* Frameworks */,
				B61558AB2317C5E200401765 /* Resources */,
			);
			buildRules = (
			);
			dependencies = (
			);
			name = "Virtual Tourist";
			productName = "Virtual Tourist";
			productReference = B61558AD2317C5E200401765 /* Virtual Tourist.app */;
			productType = "com.apple.product-type.application";
		};
/* End PBXNativeTarget section */

/* Begin PBXProject section */
		B61558A52317C5E200401765 /* Project object */ = {
			isa = PBXProject;
			attributes = {
				LastSwiftUpdateCheck = 1030;
				LastUpgradeCheck = 1030;
				ORGANIZATIONNAME = Creyto;
				TargetAttributes = {
					B61558AC2317C5E200401765 = {
						CreatedOnToolsVersion = 10.3;
					};
				};
			};
			buildConfigurationList = B61558A82317C5E200401765 /* Build configuration list for PBXProject "Virtual Tourist" */;
			compatibilityVersion = "Xcode 9.3";
			developmentRegion = en;
			hasScannedForEncodings = 0;
			knownRegions = (
				en,
				Base,
			);
			mainGroup = B61558A42317C5E200401765;
			productRefGroup = B61558AE2317C5E200401765 /* Products */;
			projectDirPath = "";
			projectRoot = "";
			targets = (
				B61558AC2317C5E200401765 /* Virtual Tourist */,
			);
		};
/* End PBXProject section */

/* Begin PBXResourcesBuildPhase section */
		B61558AB2317C5E200401765 /* Resources */ = {
			isa = PBXResourcesBuildPhase;
			buildActionMask = 2147483647;
			files = (
				B61558BE2317C5E300401765 /* LaunchScreen.storyboard in Resources */,
				B61558BB2317C5E300401765 /* Assets.xcassets in Resources */,
				B61558B62317C5E200401765 /* Main.storyboard in Resources */,
			);
			runOnlyForDeploymentPostprocessing = 0;
		};
/* End PBXResourcesBuildPhase section */

/* Begin PBXSourcesBuildPhase section */
		B61558A92317C5E200401765 /* Sources */ = {
			isa = PBXSourcesBuildPhase;
			buildActionMask = 2147483647;
			files = (
				B68419B92317E9A500B8AE9F /* DataController.swift in Sources */,
				B658CEBA231932AD00453E07 /* FlickrPhoto.swift in Sources */,
				B658CEB723192F6600453E07 /* FlickrAPI.swift in Sources */,
				B61558B32317C5E200401765 /* TravelLocationsMapViewController.swift in Sources */,
				B68419BC2317EB0600B8AE9F /* VirtualTourist.xcdatamodeld in Sources */,
				B61558C62317C7F500401765 /* PhotoAlbumViewController.swift in Sources */,
				B61558B12317C5E200401765 /* AppDelegate.swift in Sources */,
				B658CEBC2319331D00453E07 /* PhotosResponses.swift in Sources */,
				B6C1E81F2319043C006CB3BE /* TravelLocationsMapViewController+MapViewDelegate.swift in Sources */,
				B6B66EA0231AF3A20034F66A /* PhotoCell.swift in Sources */,
				B658CEBE2319337600453E07 /* ErrorResponses.swift in Sources */,
			);
			runOnlyForDeploymentPostprocessing = 0;
		};
/* End PBXSourcesBuildPhase section */

/* Begin PBXVariantGroup section */
		B61558B42317C5E200401765 /* Main.storyboard */ = {
			isa = PBXVariantGroup;
			children = (
				B61558B52317C5E200401765 /* Base */,
			);
			name = Main.storyboard;
			sourceTree = "<group>";
		};
		B61558BC2317C5E300401765 /* LaunchScreen.storyboard */ = {
			isa = PBXVariantGroup;
			children = (
				B61558BD2317C5E300401765 /* Base */,
			);
			name = LaunchScreen.storyboard;
			sourceTree = "<group>";
		};
/* End PBXVariantGroup section */

/* Begin XCBuildConfiguration section */
		B61558C02317C5E300401765 /* Debug */ = {
			isa = XCBuildConfiguration;
			buildSettings = {
				ALWAYS_SEARCH_USER_PATHS = NO;
				CLANG_ANALYZER_NONNULL = YES;
				CLANG_ANALYZER_NUMBER_OBJECT_CONVERSION = YES_AGGRESSIVE;
				CLANG_CXX_LANGUAGE_STANDARD = "gnu++14";
				CLANG_CXX_LIBRARY = "libc++";
				CLANG_ENABLE_MODULES = YES;
				CLANG_ENABLE_OBJC_ARC = YES;
				CLANG_ENABLE_OBJC_WEAK = YES;
				CLANG_WARN_BLOCK_CAPTURE_AUTORELEASING = YES;
				CLANG_WARN_BOOL_CONVERSION = YES;
				CLANG_WARN_COMMA = YES;
				CLANG_WARN_CONSTANT_CONVERSION = YES;
				CLANG_WARN_DEPRECATED_OBJC_IMPLEMENTATIONS = YES;
				CLANG_WARN_DIRECT_OBJC_ISA_USAGE = YES_ERROR;
				CLANG_WARN_DOCUMENTATION_COMMENTS = YES;
				CLANG_WARN_EMPTY_BODY = YES;
				CLANG_WARN_ENUM_CONVERSION = YES;
				CLANG_WARN_INFINITE_RECURSION = YES;
				CLANG_WARN_INT_CONVERSION = YES;
				CLANG_WARN_NON_LITERAL_NULL_CONVERSION = YES;
				CLANG_WARN_OBJC_IMPLICIT_RETAIN_SELF = YES;
				CLANG_WARN_OBJC_LITERAL_CONVERSION = YES;
				CLANG_WARN_OBJC_ROOT_CLASS = YES_ERROR;
				CLANG_WARN_RANGE_LOOP_ANALYSIS = YES;
				CLANG_WARN_STRICT_PROTOTYPES = YES;
				CLANG_WARN_SUSPICIOUS_MOVE = YES;
				CLANG_WARN_UNGUARDED_AVAILABILITY = YES_AGGRESSIVE;
				CLANG_WARN_UNREACHABLE_CODE = YES;
				CLANG_WARN__DUPLICATE_METHOD_MATCH = YES;
				CODE_SIGN_IDENTITY = "iPhone Developer";
				COPY_PHASE_STRIP = NO;
				DEBUG_INFORMATION_FORMAT = dwarf;
				ENABLE_STRICT_OBJC_MSGSEND = YES;
				ENABLE_TESTABILITY = YES;
				GCC_C_LANGUAGE_STANDARD = gnu11;
				GCC_DYNAMIC_NO_PIC = NO;
				GCC_NO_COMMON_BLOCKS = YES;
				GCC_OPTIMIZATION_LEVEL = 0;
				GCC_PREPROCESSOR_DEFINITIONS = (
					"DEBUG=1",
					"$(inherited)",
				);
				GCC_WARN_64_TO_32_BIT_CONVERSION = YES;
				GCC_WARN_ABOUT_RETURN_TYPE = YES_ERROR;
				GCC_WARN_UNDECLARED_SELECTOR = YES;
				GCC_WARN_UNINITIALIZED_AUTOS = YES_AGGRESSIVE;
				GCC_WARN_UNUSED_FUNCTION = YES;
				GCC_WARN_UNUSED_VARIABLE = YES;
				IPHONEOS_DEPLOYMENT_TARGET = 12.4;
				MTL_ENABLE_DEBUG_INFO = INCLUDE_SOURCE;
				MTL_FAST_MATH = YES;
				ONLY_ACTIVE_ARCH = YES;
				SDKROOT = iphoneos;
				SWIFT_ACTIVE_COMPILATION_CONDITIONS = DEBUG;
				SWIFT_OPTIMIZATION_LEVEL = "-Onone";
			};
			name = Debug;
		};
		B61558C12317C5E300401765 /* Release */ = {
			isa = XCBuildConfiguration;
			buildSettings = {
				ALWAYS_SEARCH_USER_PATHS = NO;
				CLANG_ANALYZER_NONNULL = YES;
				CLANG_ANALYZER_NUMBER_OBJECT_CONVERSION = YES_AGGRESSIVE;
				CLANG_CXX_LANGUAGE_STANDARD = "gnu++14";
				CLANG_CXX_LIBRARY = "libc++";
				CLANG_ENABLE_MODULES = YES;
				CLANG_ENABLE_OBJC_ARC = YES;
				CLANG_ENABLE_OBJC_WEAK = YES;
				CLANG_WARN_BLOCK_CAPTURE_AUTORELEASING = YES;
				CLANG_WARN_BOOL_CONVERSION = YES;
				CLANG_WARN_COMMA = YES;
				CLANG_WARN_CONSTANT_CONVERSION = YES;
				CLANG_WARN_DEPRECATED_OBJC_IMPLEMENTATIONS = YES;
				CLANG_WARN_DIRECT_OBJC_ISA_USAGE = YES_ERROR;
				CLANG_WARN_DOCUMENTATION_COMMENTS = YES;
				CLANG_WARN_EMPTY_BODY = YES;
				CLANG_WARN_ENUM_CONVERSION = YES;
				CLANG_WARN_INFINITE_RECURSION = YES;
				CLANG_WARN_INT_CONVERSION = YES;
				CLANG_WARN_NON_LITERAL_NULL_CONVERSION = YES;
				CLANG_WARN_OBJC_IMPLICIT_RETAIN_SELF = YES;
				CLANG_WARN_OBJC_LITERAL_CONVERSION = YES;
				CLANG_WARN_OBJC_ROOT_CLASS = YES_ERROR;
				CLANG_WARN_RANGE_LOOP_ANALYSIS = YES;
				CLANG_WARN_STRICT_PROTOTYPES = YES;
				CLANG_WARN_SUSPICIOUS_MOVE = YES;
				CLANG_WARN_UNGUARDED_AVAILABILITY = YES_AGGRESSIVE;
				CLANG_WARN_UNREACHABLE_CODE = YES;
				CLANG_WARN__DUPLICATE_METHOD_MATCH = YES;
				CODE_SIGN_IDENTITY = "iPhone Developer";
				COPY_PHASE_STRIP = NO;
				DEBUG_INFORMATION_FORMAT = "dwarf-with-dsym";
				ENABLE_NS_ASSERTIONS = NO;
				ENABLE_STRICT_OBJC_MSGSEND = YES;
				GCC_C_LANGUAGE_STANDARD = gnu11;
				GCC_NO_COMMON_BLOCKS = YES;
				GCC_WARN_64_TO_32_BIT_CONVERSION = YES;
				GCC_WARN_ABOUT_RETURN_TYPE = YES_ERROR;
				GCC_WARN_UNDECLARED_SELECTOR = YES;
				GCC_WARN_UNINITIALIZED_AUTOS = YES_AGGRESSIVE;
				GCC_WARN_UNUSED_FUNCTION = YES;
				GCC_WARN_UNUSED_VARIABLE = YES;
				IPHONEOS_DEPLOYMENT_TARGET = 12.4;
				MTL_ENABLE_DEBUG_INFO = NO;
				MTL_FAST_MATH = YES;
				SDKROOT = iphoneos;
				SWIFT_COMPILATION_MODE = wholemodule;
				SWIFT_OPTIMIZATION_LEVEL = "-O";
				VALIDATE_PRODUCT = YES;
			};
			name = Release;
		};
		B61558C32317C5E300401765 /* Debug */ = {
			isa = XCBuildConfiguration;
			buildSettings = {
				ASSETCATALOG_COMPILER_APPICON_NAME = AppIcon;
				CODE_SIGN_STYLE = Automatic;
				DEVELOPMENT_TEAM = 89UUHMRUT9;
				INFOPLIST_FILE = "Virtual Tourist/Info.plist";
				LD_RUNPATH_SEARCH_PATHS = (
					"$(inherited)",
					"@executable_path/Frameworks",
				);
				PRODUCT_BUNDLE_IDENTIFIER = "com.creyto.Virtual-Tourist";
				PRODUCT_NAME = "$(TARGET_NAME)";
				SWIFT_VERSION = 5.0;
				TARGETED_DEVICE_FAMILY = "1,2";
			};
			name = Debug;
		};
		B61558C42317C5E300401765 /* Release */ = {
			isa = XCBuildConfiguration;
			buildSettings = {
				ASSETCATALOG_COMPILER_APPICON_NAME = AppIcon;
				CODE_SIGN_STYLE = Automatic;
				DEVELOPMENT_TEAM = 89UUHMRUT9;
				INFOPLIST_FILE = "Virtual Tourist/Info.plist";
				LD_RUNPATH_SEARCH_PATHS = (
					"$(inherited)",
					"@executable_path/Frameworks",
				);
				PRODUCT_BUNDLE_IDENTIFIER = "com.creyto.Virtual-Tourist";
				PRODUCT_NAME = "$(TARGET_NAME)";
				SWIFT_VERSION = 5.0;
				TARGETED_DEVICE_FAMILY = "1,2";
			};
			name = Release;
		};
/* End XCBuildConfiguration section */

/* Begin XCConfigurationList section */
		B61558A82317C5E200401765 /* Build configuration list for PBXProject "Virtual Tourist" */ = {
			isa = XCConfigurationList;
			buildConfigurations = (
				B61558C02317C5E300401765 /* Debug */,
				B61558C12317C5E300401765 /* Release */,
			);
			defaultConfigurationIsVisible = 0;
			defaultConfigurationName = Release;
		};
		B61558C22317C5E300401765 /* Build configuration list for PBXNativeTarget "Virtual Tourist" */ = {
			isa = XCConfigurationList;
			buildConfigurations = (
				B61558C32317C5E300401765 /* Debug */,
				B61558C42317C5E300401765 /* Release */,
			);
			defaultConfigurationIsVisible = 0;
			defaultConfigurationName = Release;
		};
/* End XCConfigurationList section */

/* Begin XCVersionGroup section */
		B68419BA2317EB0600B8AE9F /* VirtualTourist.xcdatamodeld */ = {
			isa = XCVersionGroup;
			children = (
				B68419BB2317EB0600B8AE9F /* VirtualTourist.xcdatamodel */,
			);
			currentVersion = B68419BB2317EB0600B8AE9F /* VirtualTourist.xcdatamodel */;
			path = VirtualTourist.xcdatamodeld;
			sourceTree = "<group>";
			versionGroupType = wrapper.xcdatamodel;
		};
/* End XCVersionGroup section */
	};
	rootObject = B61558A52317C5E200401765 /* Project object */;
}
